
Microsoft Visual Studio Solution File, Format Version 12.00
# Visual Studio Version 17
VisualStudioVersion = 17.5.002.0
MinimumVisualStudioVersion = 10.0.40219.1
Project("{9A19103F-16F7-4668-BE54-9A1E7A4F7556}") = "TypingPractice", "TypingPractice.csproj", "{7E676A29-3939-4131-92A2-42F2FE454A3C}"
EndProject
Global
	GlobalSection(SolutionConfigurationPlatforms) = preSolution
		Debug|Any CPU = Debug|Any CPU
		Release|Any CPU = Release|Any CPU
	EndGlobalSection
	GlobalSection(ProjectConfigurationPlatforms) = postSolution
		{7E676A29-3939-4131-92A2-42F2FE454A3C}.Debug|Any CPU.ActiveCfg = Debug|Any CPU
		{7E676A29-3939-4131-92A2-42F2FE454A3C}.Debug|Any CPU.Build.0 = Debug|Any CPU
		{7E676A29-3939-4131-92A2-42F2FE454A3C}.Release|Any CPU.ActiveCfg = Release|Any CPU
		{7E676A29-3939-4131-92A2-42F2FE454A3C}.Release|Any CPU.Build.0 = Release|Any CPU
	EndGlobalSection
	GlobalSection(SolutionProperties) = preSolution
		HideSolutionNode = FALSE
	EndGlobalSection
	GlobalSection(ExtensibilityGlobals) = postSolution
		SolutionGuid = {EADCC23C-2816-4B45-A604-9325F9C6A598}
	EndGlobalSection
EndGlobal
